
Microsoft Visual Studio Solution File, Format Version 12.00
# Visual Studio 2017
Project("{FAE04EC0-301F-11D3-BF4B-00C04F79EFBC}") = "P (4)", "P (4).csproj", "{99027E01-CC72-1300-F4D7-3E3D69EC6390}"
EndProject
Global
	GlobalSection(SolutionConfigurationPlatforms) = preSolution
		Debug|Any CPU = Debug|Any CPU
		Release|Any CPU = Release|Any CPU
	EndGlobalSection
	GlobalSection(ProjectConfigurationPlatforms) = postSolution
		{99027E01-CC72-1300-F4D7-3E3D69EC6390}.Debug|Any CPU.ActiveCfg = Debug|Any CPU
		{99027E01-CC72-1300-F4D7-3E3D69EC6390}.Debug|Any CPU.Build.0 = Debug|Any CPU
		{99027E01-CC72-1300-F4D7-3E3D69EC6390}.Release|Any CPU.ActiveCfg = Release|Any CPU
		{99027E01-CC72-1300-F4D7-3E3D69EC6390}.Release|Any CPU.Build.0 = Release|Any CPU
	EndGlobalSection
	GlobalSection(SolutionProperties) = preSolution
		HideSolutionNode = FALSE
	EndGlobalSection
EndGlobal
